
Microsoft Visual Studio Solution File, Format Version 12.00
# Visual Studio Version 17
VisualStudioVersion = 17.0.31903.59
MinimumVisualStudioVersion = 10.0.40219.1
Project("{FAE04EC0-301F-11D3-BF4B-00C04F79EFBC}") = "Samples.ConsoleApp", "Samples.ConsoleApp\Samples.ConsoleApp.csproj", "{409AA6E8-292C-45D4-B29B-1B497DEF0CB2}"
EndProject
Project("{FAE04EC0-301F-11D3-BF4B-00C04F79EFBC}") = "Helper.ParallelExecution", "Helper.ParallelExecution\Helper.ParallelExecution.csproj", "{B3AB0383-9C66-40F6-82D4-56C8DC90BF18}"
EndProject
Project("{FAE04EC0-301F-11D3-BF4B-00C04F79EFBC}") = "Samples.WPF", "Samples.WPF\Samples.WPF.csproj", "{B0C8F980-35BF-B353-FB45-370626A31DFC}"
EndProject
Project("{FAE04EC0-301F-11D3-BF4B-00C04F79EFBC}") = "Samples.WinForms", "Samples.WinForms\Samples.WinForms.csproj", "{01F51CD9-B2D2-5DE5-22C7-250FE6859FE9}"
EndProject
Project("{2150E333-8FDC-42A3-9474-1A3956D46DE8}") = "common", "common", "{02EA681E-C7D8-13C7-8484-4AC65E1B71E8}"
	ProjectSection(SolutionItems) = preProject
		Directory.Build.props = Directory.Build.props
	EndProjectSection
EndProject
Project("{2150E333-8FDC-42A3-9474-1A3956D46DE8}") = "helpers", "helpers", "{BFB920F5-FA90-441F-9CC7-48F57F5B369E}"
EndProject
Global
	GlobalSection(SolutionConfigurationPlatforms) = preSolution
		Debug|Any CPU = Debug|Any CPU
		Debug|x64 = Debug|x64
		Debug|x86 = Debug|x86
		Release|Any CPU = Release|Any CPU
		Release|x64 = Release|x64
		Release|x86 = Release|x86
	EndGlobalSection
	GlobalSection(ProjectConfigurationPlatforms) = postSolution
		{409AA6E8-292C-45D4-B29B-1B497DEF0CB2}.Debug|Any CPU.ActiveCfg = Debug|Any CPU
		{409AA6E8-292C-45D4-B29B-1B497DEF0CB2}.Debug|Any CPU.Build.0 = Debug|Any CPU
		{409AA6E8-292C-45D4-B29B-1B497DEF0CB2}.Debug|x64.ActiveCfg = Debug|Any CPU
		{409AA6E8-292C-45D4-B29B-1B497DEF0CB2}.Debug|x64.Build.0 = Debug|Any CPU
		{409AA6E8-292C-45D4-B29B-1B497DEF0CB2}.Debug|x86.ActiveCfg = Debug|Any CPU
		{409AA6E8-292C-45D4-B29B-1B497DEF0CB2}.Debug|x86.Build.0 = Debug|Any CPU
		{409AA6E8-292C-45D4-B29B-1B497DEF0CB2}.Release|Any CPU.ActiveCfg = Release|Any CPU
		{409AA6E8-292C-45D4-B29B-1B497DEF0CB2}.Release|Any CPU.Build.0 = Release|Any CPU
		{409AA6E8-292C-45D4-B29B-1B497DEF0CB2}.Release|x64.ActiveCfg = Release|Any CPU
		{409AA6E8-292C-45D4-B29B-1B497DEF0CB2}.Release|x64.Build.0 = Release|Any CPU
		{409AA6E8-292C-45D4-B29B-1B497DEF0CB2}.Release|x86.ActiveCfg = Release|Any CPU
		{409AA6E8-292C-45D4-B29B-1B497DEF0CB2}.Release|x86.Build.0 = Release|Any CPU
		{B3AB0383-9C66-40F6-82D4-56C8DC90BF18}.Debug|Any CPU.ActiveCfg = Debug|Any CPU
		{B3AB0383-9C66-40F6-82D4-56C8DC90BF18}.Debug|Any CPU.Build.0 = Debug|Any CPU
		{B3AB0383-9C66-40F6-82D4-56C8DC90BF18}.Debug|x64.ActiveCfg = Debug|Any CPU
		{B3AB0383-9C66-40F6-82D4-56C8DC90BF18}.Debug|x64.Build.0 = Debug|Any CPU
		{B3AB0383-9C66-40F6-82D4-56C8DC90BF18}.Debug|x86.ActiveCfg = Debug|Any CPU
		{B3AB0383-9C66-40F6-82D4-56C8DC90BF18}.Debug|x86.Build.0 = Debug|Any CPU
		{B3AB0383-9C66-40F6-82D4-56C8DC90BF18}.Release|Any CPU.ActiveCfg = Release|Any CPU
		{B3AB0383-9C66-40F6-82D4-56C8DC90BF18}.Release|Any CPU.Build.0 = Release|Any CPU
		{B3AB0383-9C66-40F6-82D4-56C8DC90BF18}.Release|x64.ActiveCfg = Release|Any CPU
		{B3AB0383-9C66-40F6-82D4-56C8DC90BF18}.Release|x64.Build.0 = Release|Any CPU
		{B3AB0383-9C66-40F6-82D4-56C8DC90BF18}.Release|x86.ActiveCfg = Release|Any CPU
		{B3AB0383-9C66-40F6-82D4-56C8DC90BF18}.Release|x86.Build.0 = Release|Any CPU
		{B0C8F980-35BF-B353-FB45-370626A31DFC}.Debug|Any CPU.ActiveCfg = Debug|Any CPU
		{B0C8F980-35BF-B353-FB45-370626A31DFC}.Debug|Any CPU.Build.0 = Debug|Any CPU
		{B0C8F980-35BF-B353-FB45-370626A31DFC}.Debug|x64.ActiveCfg = Debug|Any CPU
		{B0C8F980-35BF-B353-FB45-370626A31DFC}.Debug|x64.Build.0 = Debug|Any CPU
		{B0C8F980-35BF-B353-FB45-370626A31DFC}.Debug|x86.ActiveCfg = Debug|Any CPU
		{B0C8F980-35BF-B353-FB45-370626A31DFC}.Debug|x86.Build.0 = Debug|Any CPU
		{B0C8F980-35BF-B353-FB45-370626A31DFC}.Release|Any CPU.ActiveCfg = Release|Any CPU
		{B0C8F980-35BF-B353-FB45-370626A31DFC}.Release|Any CPU.Build.0 = Release|Any CPU
		{B0C8F980-35BF-B353-FB45-370626A31DFC}.Release|x64.ActiveCfg = Release|Any CPU
		{B0C8F980-35BF-B353-FB45-370626A31DFC}.Release|x64.Build.0 = Release|Any CPU
		{B0C8F980-35BF-B353-FB45-370626A31DFC}.Release|x86.ActiveCfg = Release|Any CPU
		{B0C8F980-35BF-B353-FB45-370626A31DFC}.Release|x86.Build.0 = Release|Any CPU
		{01F51CD9-B2D2-5DE5-22C7-250FE6859FE9}.Debug|Any CPU.ActiveCfg = Debug|Any CPU
		{01F51CD9-B2D2-5DE5-22C7-250FE6859FE9}.Debug|Any CPU.Build.0 = Debug|Any CPU
		{01F51CD9-B2D2-5DE5-22C7-250FE6859FE9}.Debug|x64.ActiveCfg = Debug|Any CPU
		{01F51CD9-B2D2-5DE5-22C7-250FE6859FE9}.Debug|x64.Build.0 = Debug|Any CPU
		{01F51CD9-B2D2-5DE5-22C7-250FE6859FE9}.Debug|x86.ActiveCfg = Debug|Any CPU
		{01F51CD9-B2D2-5DE5-22C7-250FE6859FE9}.Debug|x86.Build.0 = Debug|Any CPU
		{01F51CD9-B2D2-5DE5-22C7-250FE6859FE9}.Release|Any CPU.ActiveCfg = Release|Any CPU
		{01F51CD9-B2D2-5DE5-22C7-250FE6859FE9}.Release|Any CPU.Build.0 = Release|Any CPU
		{01F51CD9-B2D2-5DE5-22C7-250FE6859FE9}.Release|x64.ActiveCfg = Release|Any CPU
		{01F51CD9-B2D2-5DE5-22C7-250FE6859FE9}.Release|x64.Build.0 = Release|Any CPU
		{01F51CD9-B2D2-5DE5-22C7-250FE6859FE9}.Release|x86.ActiveCfg = Release|Any CPU
		{01F51CD9-B2D2-5DE5-22C7-250FE6859FE9}.Release|x86.Build.0 = Release|Any CPU
	EndGlobalSection
	GlobalSection(SolutionProperties) = preSolution
		HideSolutionNode = FALSE
	EndGlobalSection
	GlobalSection(NestedProjects) = preSolution
		{B3AB0383-9C66-40F6-82D4-56C8DC90BF18} = {BFB920F5-FA90-441F-9CC7-48F57F5B369E}
	EndGlobalSection
	GlobalSection(ExtensibilityGlobals) = postSolution
		SolutionGuid = {495D77CF-AE4D-4847-9720-BCBBBCF68AA9}
	EndGlobalSection
EndGlobal
