
Microsoft Visual Studio Solution File, Format Version 12.00
# Visual Studio Version 17
VisualStudioVersion = 17.13.35919.96
MinimumVisualStudioVersion = 10.0.40219.1
Project("{FAE04EC0-301F-11D3-BF4B-00C04F79EFBC}") = "PreEmptive.Dotfuscator.TestSamples.Console", "..\PreEmptive.Dotfuscator.TestSamples.Console\PreEmptive.Dotfuscator.TestSamples.Console.csproj", "{D86136DD-53B6-78AD-78EA-EB17480F5019}"
EndProject
Project("{FAE04EC0-301F-11D3-BF4B-00C04F79EFBC}") = "PreEmptive.Dotfuscator.TestSamples.Console.Helper.ParallelExecution", "..\ParallelExecution\TestSampleCallerApp\PreEmptive.Dotfuscator.TestSamples.Console.Helper.ParallelExecution.csproj", "{ED0B5C01-F9A1-E5D3-17A0-68FFBB752FFF}"
EndProject
Global
	GlobalSection(SolutionConfigurationPlatforms) = preSolution
		Debug|Any CPU = Debug|Any CPU
		Release|Any CPU = Release|Any CPU
	EndGlobalSection
	GlobalSection(ProjectConfigurationPlatforms) = postSolution
		{D86136DD-53B6-78AD-78EA-EB17480F5019}.Debug|Any CPU.ActiveCfg = Debug|Any CPU
		{D86136DD-53B6-78AD-78EA-EB17480F5019}.Debug|Any CPU.Build.0 = Debug|Any CPU
		{D86136DD-53B6-78AD-78EA-EB17480F5019}.Release|Any CPU.ActiveCfg = Release|Any CPU
		{D86136DD-53B6-78AD-78EA-EB17480F5019}.Release|Any CPU.Build.0 = Release|Any CPU
		{ED0B5C01-F9A1-E5D3-17A0-68FFBB752FFF}.Debug|Any CPU.ActiveCfg = Debug|Any CPU
		{ED0B5C01-F9A1-E5D3-17A0-68FFBB752FFF}.Debug|Any CPU.Build.0 = Debug|Any CPU
		{ED0B5C01-F9A1-E5D3-17A0-68FFBB752FFF}.Release|Any CPU.ActiveCfg = Release|Any CPU
		{ED0B5C01-F9A1-E5D3-17A0-68FFBB752FFF}.Release|Any CPU.Build.0 = Release|Any CPU
	EndGlobalSection
	GlobalSection(SolutionProperties) = preSolution
		HideSolutionNode = FALSE
	EndGlobalSection
	GlobalSection(ExtensibilityGlobals) = postSolution
		SolutionGuid = {1081754B-9816-4C98-B80E-C2354B1D068F}
	EndGlobalSection
EndGlobal
